PODS:
  - AFNetworking (3.1.0):
    - AFNetworking/NSURLSession (= 3.1.0)
    - AFNetworking/Reachability (= 3.1.0)
    - AFNetworking/Security (= 3.1.0)
    - AFNetworking/Serialization (= 3.1.0)
    - AFNetworking/UIKit (= 3.1.0)
  - AFNetworking/NSURLSession (3.1.0):
    - AFNetworking/Reachability
    - AFNetworking/Security
    - AFNetworking/Serialization
  - AFNetworking/Reachability (3.1.0)
  - AFNetworking/Security (3.1.0)
  - AFNetworking/Serialization (3.1.0)
  - AFNetworking/UIKit (3.1.0):
    - AFNetworking/NSURLSession
  - AVOSCloud (3.3.1)
  - AVOSCloudCrashReporting (3.3.1):
    - AVOSCloud
  - CocoaLumberjack (2.3.0):
    - CocoaLumberjack/Default (= 2.3.0)
    - CocoaLumberjack/Extensions (= 2.3.0)
  - CocoaLumberjack/Core (2.3.0)
  - CocoaLumberjack/Default (2.3.0):
    - CocoaLumberjack/Core
  - CocoaLumberjack/Extensions (2.3.0):
    - CocoaLumberjack/Default
  - PubNub (4.3.3):
    - CocoaLumberjack (= 2.3.0)
    - PubNub/Core (= 4.3.3)
  - PubNub/Core (4.3.3):
    - CocoaLumberjack (= 2.3.0)
  - SDWebImage (3.7.6):
    - SDWebImage/Core (= 3.7.6)
  - SDWebImage/Core (3.7.6)

DEPENDENCIES:
  - AFNetworking
  - AVOSCloud
  - AVOSCloudCrashReporting
  - PubNub
  - SDWebImage

SPEC CHECKSUMS:
  AFNetworking: 5e0e199f73d8626b11e79750991f5d173d1f8b67
  AVOSCloud: ce999e21da976f78c4eda53243699b634891d42d
  AVOSCloudCrashReporting: 80e30991bfeee83dccbc2ffe0b3e6fd4dfbdb7af
  CocoaLumberjack: 97fab7ee5f507fe54445cca7ea80f926729cfd15
  PubNub: 51acd937c947d931a75d2caef654fd12f7573e09
  SDWebImage: c325cf02c30337336b95beff20a13df489ec0ec9

PODFILE CHECKSUM: fb9b257c524fd419057b24b5cc3cb9cf4ca80700

COCOAPODS: 1.0.1
