// !$*UTF8*$!
{
	archiveVersion = 1;
	classes = {
	};
	objectVersion = 46;
	objects = {

/* Begin PBXBuildFile section */
		18617C421CF6B3C900822F19 /* LeftView.m in Sources */ = {isa = PBXBuildFile; fileRef = 18617C411CF6B3C900822F19 /* LeftView.m */; };
		18F216881CF5999E00B66709 /* main.m in Sources */ = {isa = PBXBuildFile; fileRef = 18F216871CF5999E00B66709 /* main.m */; };
		18F2168B1CF5999E00B66709 /* AppDelegate.m in Sources */ = {isa = PBXBuildFile; fileRef = 18F2168A1CF5999E00B66709 /* AppDelegate.m */; };
		18F2168E1CF5999E00B66709 /* ViewController.m in Sources */ = {isa = PBXBuildFile; fileRef = 18F2168D1CF5999E00B66709 /* ViewController.m */; };
		18F216911CF5999E00B66709 /* Main.storyboard in Resources */ = {isa = PBXBuildFile; fileRef = 18F2168F1CF5999E00B66709 /* Main.storyboard */; };
		18F216931CF5999E00B66709 /* Assets.xcassets in Resources */ = {isa = PBXBuildFile; fileRef = 18F216921CF5999E00B66709 /* Assets.xcassets */; };
		18F216961CF5999E00B66709 /* LaunchScreen.storyboard in Resources */ = {isa = PBXBuildFile; fileRef = 18F216941CF5999E00B66709 /* LaunchScreen.storyboard */; };
		18F216A11CF5999E00B66709 /* MePlusiPhoneTests.m in Sources */ = {isa = PBXBuildFile; fileRef = 18F216A01CF5999E00B66709 /* MePlusiPhoneTests.m */; };
		18F216AC1CF5999E00B66709 /* MePlusiPhoneUITests.m in Sources */ = {isa = PBXBuildFile; fileRef = 18F216AB1CF5999E00B66709 /* MePlusiPhoneUITests.m */; };
		18F5957E1CF691B300055D84 /* UIViewController+Common.m in Sources */ = {isa = PBXBuildFile; fileRef = 18F5957D1CF691B300055D84 /* UIViewController+Common.m */; };
		1B0801EE1D0E932C00BC0773 /* MobileCoreServices.framework in Frameworks */ = {isa = PBXBuildFile; fileRef = 1B0801ED1D0E932C00BC0773 /* MobileCoreServices.framework */; };
		1B0801F01D0E934100BC0773 /* CoreLocation.framework in Frameworks */ = {isa = PBXBuildFile; fileRef = 1B0801EF1D0E934100BC0773 /* CoreLocation.framework */; };
		1B0801F21D0E935500BC0773 /* libicucore.tbd in Frameworks */ = {isa = PBXBuildFile; fileRef = 1B0801F11D0E935500BC0773 /* libicucore.tbd */; };
		1B0801F41D0E94D900BC0773 /* AVOSCloud.framework in Frameworks */ = {isa = PBXBuildFile; fileRef = 1B0801F31D0E94D900BC0773 /* AVOSCloud.framework */; };
		1B0801F61D0E94E500BC0773 /* AVOSCloudCrashReporting.framework in Frameworks */ = {isa = PBXBuildFile; fileRef = 1B0801F51D0E94E500BC0773 /* AVOSCloudCrashReporting.framework */; };
		1B0E37791D1A30DC00A4481B /* GuideViewController.m in Sources */ = {isa = PBXBuildFile; fileRef = 1B0E37781D1A30DC00A4481B /* GuideViewController.m */; };
		1B18E8A91D0E691900699B28 /* LoginViewController.m in Sources */ = {isa = PBXBuildFile; fileRef = 1B18E8A81D0E691900699B28 /* LoginViewController.m */; };
		1B18E8AC1D0E696100699B28 /* RegisterViewController.m in Sources */ = {isa = PBXBuildFile; fileRef = 1B18E8AB1D0E696100699B28 /* RegisterViewController.m */; };
		1B18E8AE1D0E736300699B28 /* PubNub.framework in Frameworks */ = {isa = PBXBuildFile; fileRef = 1B18E8AD1D0E736300699B28 /* PubNub.framework */; };
		1B4253C51CFD880800610857 /* AGDChatCell.m in Sources */ = {isa = PBXBuildFile; fileRef = 1B4253A91CFD880800610857 /* AGDChatCell.m */; };
		1B4253C61CFD880800610857 /* AGDChatViewController.m in Sources */ = {isa = PBXBuildFile; fileRef = 1B4253AB1CFD880800610857 /* AGDChatViewController.m */; };
		1B4253C71CFD880800610857 /* Localizable.strings in Resources */ = {isa = PBXBuildFile; fileRef = 1B4253AC1CFD880800610857 /* Localizable.strings */; };
		1B4253C81CFD880800610857 /* Main.strings in Resources */ = {isa = PBXBuildFile; fileRef = 1B4253AE1CFD880800610857 /* Main.strings */; };
		1B4253C91CFD880800610857 /* Images.xcassets in Resources */ = {isa = PBXBuildFile; fileRef = 1B4253B01CFD880800610857 /* Images.xcassets */; };
		1B4253CB1CFD880800610857 /* Launch.xib in Resources */ = {isa = PBXBuildFile; fileRef = 1B4253B21CFD880800610857 /* Launch.xib */; };
		1B4253CC1CFD880800610857 /* AGDLoginViewController.m in Sources */ = {isa = PBXBuildFile; fileRef = 1B4253B51CFD880800610857 /* AGDLoginViewController.m */; };
		1B4253CE1CFD880800610857 /* AGDSplashViewController.m in Sources */ = {isa = PBXBuildFile; fileRef = 1B4253B91CFD880800610857 /* AGDSplashViewController.m */; };
		1B4253D41CFD907B00610857 /* Chat.storyboard in Resources */ = {isa = PBXBuildFile; fileRef = 1B4253D31CFD907B00610857 /* Chat.storyboard */; };
		1B7D73911CFD3782005856A4 /* AudioToolbox.framework in Frameworks */ = {isa = PBXBuildFile; fileRef = 1B7D73901CFD3782005856A4 /* AudioToolbox.framework */; };
		1B7D73931CFD378B005856A4 /* AVFoundation.framework in Frameworks */ = {isa = PBXBuildFile; fileRef = 1B7D73921CFD378B005856A4 /* AVFoundation.framework */; };
		1B7D73951CFD3796005856A4 /* CoreMedia.framework in Frameworks */ = {isa = PBXBuildFile; fileRef = 1B7D73941CFD3796005856A4 /* CoreMedia.framework */; };
		1B7D73971CFD37A2005856A4 /* CoreTelephony.framework in Frameworks */ = {isa = PBXBuildFile; fileRef = 1B7D73961CFD37A2005856A4 /* CoreTelephony.framework */; };
		1B7D73991CFD37AF005856A4 /* CoreMotion.framework in Frameworks */ = {isa = PBXBuildFile; fileRef = 1B7D73981CFD37AF005856A4 /* CoreMotion.framework */; };
		1B7D739B1CFD37B8005856A4 /* SystemConfiguration.framework in Frameworks */ = {isa = PBXBuildFile; fileRef = 1B7D739A1CFD37B8005856A4 /* SystemConfiguration.framework */; };
		1B7D739D1CFD37CD005856A4 /* libc++.tbd in Frameworks */ = {isa = PBXBuildFile; fileRef = 1B7D739C1CFD37CD005856A4 /* libc++.tbd */; };
		1B8A93C41D129E5300084C1E /* SSKeychain.m in Sources */ = {isa = PBXBuildFile; fileRef = 1B8A93C11D129E5300084C1E /* SSKeychain.m */; };
		1B8A93C51D129E5300084C1E /* SSKeychainQuery.m in Sources */ = {isa = PBXBuildFile; fileRef = 1B8A93C31D129E5300084C1E /* SSKeychainQuery.m */; };
		1B8A93C81D12AE3600084C1E /* ResetPWViewController.m in Sources */ = {isa = PBXBuildFile; fileRef = 1B8A93C71D12AE3600084C1E /* ResetPWViewController.m */; };
		1BA516FE1D100AEC0002EABA /* RecentCallViewController.m in Sources */ = {isa = PBXBuildFile; fileRef = 1BA516FD1D100AEC0002EABA /* RecentCallViewController.m */; };
		1BA517011D100B120002EABA /* SetViewController.m in Sources */ = {isa = PBXBuildFile; fileRef = 1BA517001D100B120002EABA /* SetViewController.m */; };
		1BAF3A161CFBE6AE00ACE490 /* RobotOnLineViewController.m in Sources */ = {isa = PBXBuildFile; fileRef = 1BAF3A151CFBE6AE00ACE490 /* RobotOnLineViewController.m */; };
		1BAFEF6A1D04871400C48753 /* ScanViewController.m in Sources */ = {isa = PBXBuildFile; fileRef = 1BAFEF691D04871400C48753 /* ScanViewController.m */; };
		1BD28DD11D178CBB009B65B8 /* SingleTon.m in Sources */ = {isa = PBXBuildFile; fileRef = 1BD28DD01D178CBB009B65B8 /* SingleTon.m */; };
		1BF384EA1CFE7894000F2179 /* AgoraRtcEngineKit.framework in Frameworks */ = {isa = PBXBuildFile; fileRef = 1B4253E71CFDA53C00610857 /* AgoraRtcEngineKit.framework */; };
		1BF384EB1CFE78AF000F2179 /* libCrasheye.a in Frameworks */ = {isa = PBXBuildFile; fileRef = 1B4253E91CFDA54900610857 /* libCrasheye.a */; };
		E67ABAA8885DC7E6AF044257 /* Pods_MePlusiPhone.framework in Frameworks */ = {isa = PBXBuildFile; fileRef = EA600BD6338EF61340D18CB4 /* Pods_MePlusiPhone.framework */; };
/* End PBXBuildFile section */

/* Begin PBXContainerItemProxy section */
		18F2169D1CF5999E00B66709 /* PBXContainerItemProxy */ = {
			isa = PBXContainerItemProxy;
			containerPortal = 18F2167B1CF5999E00B66709 /* Project object */;
			proxyType = 1;
			remoteGlobalIDString = 18F216821CF5999E00B66709;
			remoteInfo = MePlusiPhone;
		};
		18F216A81CF5999E00B66709 /* PBXContainerItemProxy */ = {
			isa = PBXContainerItemProxy;
			containerPortal = 18F2167B1CF5999E00B66709 /* Project object */;
			proxyType = 1;
			remoteGlobalIDString = 18F216821CF5999E00B66709;
			remoteInfo = MePlusiPhone;
		};
/* End PBXContainerItemProxy section */

/* Begin PBXFileReference section */
		18617C401CF6B3C900822F19 /* LeftView.h */ = {isa = PBXFileReference; fileEncoding = 4; lastKnownFileType = sourcecode.c.h; path = LeftView.h; sourceTree = "<group>"; };
		18617C411CF6B3C900822F19 /* LeftView.m */ = {isa = PBXFileReference; fileEncoding = 4; lastKnownFileType = sourcecode.c.objc; path = LeftView.m; sourceTree = "<group>"; };
		18F216831CF5999E00B66709 /* MePlusiPhone.app */ = {isa = PBXFileReference; explicitFileType = wrapper.application; includeInIndex = 0; path = MePlusiPhone.app; sourceTree = BUILT_PRODUCTS_DIR; };
		18F216871CF5999E00B66709 /* main.m */ = {isa = PBXFileReference; lastKnownFileType = sourcecode.c.objc; path = main.m; sourceTree = "<group>"; };
		18F216891CF5999E00B66709 /* AppDelegate.h */ = {isa = PBXFileReference; lastKnownFileType = sourcecode.c.h; path = AppDelegate.h; sourceTree = "<group>"; };
		18F2168A1CF5999E00B66709 /* AppDelegate.m */ = {isa = PBXFileReference; lastKnownFileType = sourcecode.c.objc; path = AppDelegate.m; sourceTree = "<group>"; };
		18F2168C1CF5999E00B66709 /* ViewController.h */ = {isa = PBXFileReference; lastKnownFileType = sourcecode.c.h; path = ViewController.h; sourceTree = "<group>"; };
		18F2168D1CF5999E00B66709 /* ViewController.m */ = {isa = PBXFileReference; lastKnownFileType = sourcecode.c.objc; path = ViewController.m; sourceTree = "<group>"; };
		18F216901CF5999E00B66709 /* Base */ = {isa = PBXFileReference; lastKnownFileType = file.storyboard; name = Base; path = Base.lproj/Main.storyboard; sourceTree = "<group>"; };
		18F216921CF5999E00B66709 /* Assets.xcassets */ = {isa = PBXFileReference; lastKnownFileType = folder.assetcatalog; path = Assets.xcassets; sourceTree = "<group>"; };
		18F216951CF5999E00B66709 /* Base */ = {isa = PBXFileReference; lastKnownFileType = file.storyboard; name = Base; path = Base.lproj/LaunchScreen.storyboard; sourceTree = "<group>"; };
		18F216971CF5999E00B66709 /* Info.plist */ = {isa = PBXFileReference; lastKnownFileType = text.plist.xml; path = Info.plist; sourceTree = "<group>"; };
		18F2169C1CF5999E00B66709 /* MePlusiPhoneTests.xctest */ = {isa = PBXFileReference; explicitFileType = wrapper.cfbundle; includeInIndex = 0; path = MePlusiPhoneTests.xctest; sourceTree = BUILT_PRODUCTS_DIR; };
		18F216A01CF5999E00B66709 /* MePlusiPhoneTests.m */ = {isa = PBXFileReference; lastKnownFileType = sourcecode.c.objc; path = MePlusiPhoneTests.m; sourceTree = "<group>"; };
		18F216A21CF5999E00B66709 /* Info.plist */ = {isa = PBXFileReference; lastKnownFileType = text.plist.xml; path = Info.plist; sourceTree = "<group>"; };
		18F216A71CF5999E00B66709 /* MePlusiPhoneUITests.xctest */ = {isa = PBXFileReference; explicitFileType = wrapper.cfbundle; includeInIndex = 0; path = MePlusiPhoneUITests.xctest; sourceTree = BUILT_PRODUCTS_DIR; };
		18F216AB1CF5999E00B66709 /* MePlusiPhoneUITests.m */ = {isa = PBXFileReference; lastKnownFileType = sourcecode.c.objc; path = MePlusiPhoneUITests.m; sourceTree = "<group>"; };
		18F216AD1CF5999E00B66709 /* Info.plist */ = {isa = PBXFileReference; lastKnownFileType = text.plist.xml; path = Info.plist; sourceTree = "<group>"; };
		18F5957C1CF691B300055D84 /* UIViewController+Common.h */ = {isa = PBXFileReference; fileEncoding = 4; lastKnownFileType = sourcecode.c.h; path = "UIViewController+Common.h"; sourceTree = "<group>"; };
		18F5957D1CF691B300055D84 /* UIViewController+Common.m */ = {isa = PBXFileReference; fileEncoding = 4; lastKnownFileType = sourcecode.c.objc; path = "UIViewController+Common.m"; sourceTree = "<group>"; };
		18F5957F1CF691F400055D84 /* MePlusTools.h */ = {isa = PBXFileReference; lastKnownFileType = sourcecode.c.h; path = MePlusTools.h; sourceTree = "<group>"; };
		18F595801CF6921200055D84 /* MePlus.pch */ = {isa = PBXFileReference; lastKnownFileType = sourcecode.c.h; path = MePlus.pch; sourceTree = "<group>"; };
		1B0801ED1D0E932C00BC0773 /* MobileCoreServices.framework */ = {isa = PBXFileReference; lastKnownFileType = wrapper.framework; name = MobileCoreServices.framework; path = System/Library/Frameworks/MobileCoreServices.framework; sourceTree = SDKROOT; };
		1B0801EF1D0E934100BC0773 /* CoreLocation.framework */ = {isa = PBXFileReference; lastKnownFileType = wrapper.framework; name = CoreLocation.framework; path = System/Library/Frameworks/CoreLocation.framework; sourceTree = SDKROOT; };
		1B0801F11D0E935500BC0773 /* libicucore.tbd */ = {isa = PBXFileReference; lastKnownFileType = "sourcecode.text-based-dylib-definition"; name = libicucore.tbd; path = usr/lib/libicucore.tbd; sourceTree = SDKROOT; };
		1B0801F31D0E94D900BC0773 /* AVOSCloud.framework */ = {isa = PBXFileReference; lastKnownFileType = wrapper.framework; name = AVOSCloud.framework; path = MePlusiPhone/AVOSCloud.framework; sourceTree = "<group>"; };
		1B0801F51D0E94E500BC0773 /* AVOSCloudCrashReporting.framework */ = {isa = PBXFileReference; lastKnownFileType = wrapper.framework; name = AVOSCloudCrashReporting.framework; path = MePlusiPhone/AVOSCloudCrashReporting.framework; sourceTree = "<group>"; };
		1B0E37771D1A30DC00A4481B /* GuideViewController.h */ = {isa = PBXFileReference; fileEncoding = 4; lastKnownFileType = sourcecode.c.h; path = GuideViewController.h; sourceTree = "<group>"; };
		1B0E37781D1A30DC00A4481B /* GuideViewController.m */ = {isa = PBXFileReference; fileEncoding = 4; lastKnownFileType = sourcecode.c.objc; path = GuideViewController.m; sourceTree = "<group>"; };
		1B18E8A71D0E691900699B28 /* LoginViewController.h */ = {isa = PBXFileReference; fileEncoding = 4; lastKnownFileType = sourcecode.c.h; path = LoginViewController.h; sourceTree = "<group>"; };
		1B18E8A81D0E691900699B28 /* LoginViewController.m */ = {isa = PBXFileReference; fileEncoding = 4; lastKnownFileType = sourcecode.c.objc; path = LoginViewController.m; sourceTree = "<group>"; };
		1B18E8AA1D0E696100699B28 /* RegisterViewController.h */ = {isa = PBXFileReference; fileEncoding = 4; lastKnownFileType = sourcecode.c.h; path = RegisterViewController.h; sourceTree = "<group>"; };
		1B18E8AB1D0E696100699B28 /* RegisterViewController.m */ = {isa = PBXFileReference; fileEncoding = 4; lastKnownFileType = sourcecode.c.objc; path = RegisterViewController.m; sourceTree = "<group>"; };
		1B18E8AD1D0E736300699B28 /* PubNub.framework */ = {isa = PBXFileReference; lastKnownFileType = wrapper.framework; name = PubNub.framework; path = "../../Library/Developer/Xcode/DerivedData/MePlusiPhone-dzmtsyruuifcpodaholnhdfumwif/Build/Products/Debug-iphoneos/PubNub/PubNub.framework"; sourceTree = "<group>"; };
		1B4253A81CFD880800610857 /* AGDChatCell.h */ = {isa = PBXFileReference; fileEncoding = 4; lastKnownFileType = sourcecode.c.h; path = AGDChatCell.h; sourceTree = "<group>"; };
		1B4253A91CFD880800610857 /* AGDChatCell.m */ = {isa = PBXFileReference; fileEncoding = 4; lastKnownFileType = sourcecode.c.objc; path = AGDChatCell.m; sourceTree = "<group>"; };
		1B4253AA1CFD880800610857 /* AGDChatViewController.h */ = {isa = PBXFileReference; fileEncoding = 4; lastKnownFileType = sourcecode.c.h; path = AGDChatViewController.h; sourceTree = "<group>"; };
		1B4253AB1CFD880800610857 /* AGDChatViewController.m */ = {isa = PBXFileReference; fileEncoding = 4; lastKnownFileType = sourcecode.c.objc; path = AGDChatViewController.m; sourceTree = "<group>"; };
		1B4253AD1CFD880800610857 /* en */ = {isa = PBXFileReference; lastKnownFileType = text.plist.strings; name = en; path = en.lproj/Localizable.strings; sourceTree = "<group>"; };
		1B4253AF1CFD880800610857 /* en */ = {isa = PBXFileReference; lastKnownFileType = text.plist.strings; name = en; path = en.lproj/Main.strings; sourceTree = "<group>"; };
		1B4253B01CFD880800610857 /* Images.xcassets */ = {isa = PBXFileReference; lastKnownFileType = folder.assetcatalog; path = Images.xcassets; sourceTree = "<group>"; };
		1B4253B21CFD880800610857 /* Launch.xib */ = {isa = PBXFileReference; fileEncoding = 4; lastKnownFileType = file.xib; path = Launch.xib; sourceTree = "<group>"; };
		1B4253B41CFD880800610857 /* AGDLoginViewController.h */ = {isa = PBXFileReference; fileEncoding = 4; lastKnownFileType = sourcecode.c.h; path = AGDLoginViewController.h; sourceTree = "<group>"; };
		1B4253B51CFD880800610857 /* AGDLoginViewController.m */ = {isa = PBXFileReference; fileEncoding = 4; lastKnownFileType = sourcecode.c.objc; path = AGDLoginViewController.m; sourceTree = "<group>"; };
		1B4253B81CFD880800610857 /* AGDSplashViewController.h */ = {isa = PBXFileReference; fileEncoding = 4; lastKnownFileType = sourcecode.c.h; path = AGDSplashViewController.h; sourceTree = "<group>"; };
		1B4253B91CFD880800610857 /* AGDSplashViewController.m */ = {isa = PBXFileReference; fileEncoding = 4; lastKnownFileType = sourcecode.c.objc; path = AGDSplashViewController.m; sourceTree = "<group>"; };
		1B4253BF1CFD880800610857 /* zh-Hans */ = {isa = PBXFileReference; lastKnownFileType = text.plist.strings; name = "zh-Hans"; path = "zh-Hans.lproj/Localizable.strings"; sourceTree = "<group>"; };
		1B4253C01CFD880800610857 /* zh-Hans */ = {isa = PBXFileReference; lastKnownFileType = text.plist.strings; name = "zh-Hans"; path = "zh-Hans.lproj/Main.strings"; sourceTree = "<group>"; };
		1B4253D31CFD907B00610857 /* Chat.storyboard */ = {isa = PBXFileReference; fileEncoding = 4; lastKnownFileType = file.storyboard; path = Chat.storyboard; sourceTree = "<group>"; };
		1B4253E71CFDA53C00610857 /* AgoraRtcEngineKit.framework */ = {isa = PBXFileReference; lastKnownFileType = wrapper.framework; name = AgoraRtcEngineKit.framework; path = libs/AgoraRtcEngineKit.framework; sourceTree = "<group>"; };
		1B4253E91CFDA54900610857 /* libCrasheye.a */ = {isa = PBXFileReference; lastKnownFileType = archive.ar; name = libCrasheye.a; path = libs/Crasheye/libCrasheye.a; sourceTree = "<group>"; };
		1B7D73901CFD3782005856A4 /* AudioToolbox.framework */ = {isa = PBXFileReference; lastKnownFileType = wrapper.framework; name = AudioToolbox.framework; path = System/Library/Frameworks/AudioToolbox.framework; sourceTree = SDKROOT; };
		1B7D73921CFD378B005856A4 /* AVFoundation.framework */ = {isa = PBXFileReference; lastKnownFileType = wrapper.framework; name = AVFoundation.framework; path = System/Library/Frameworks/AVFoundation.framework; sourceTree = SDKROOT; };
		1B7D73941CFD3796005856A4 /* CoreMedia.framework */ = {isa = PBXFileReference; lastKnownFileType = wrapper.framework; name = CoreMedia.framework; path = System/Library/Frameworks/CoreMedia.framework; sourceTree = SDKROOT; };
		1B7D73961CFD37A2005856A4 /* CoreTelephony.framework */ = {isa = PBXFileReference; lastKnownFileType = wrapper.framework; name = CoreTelephony.framework; path = System/Library/Frameworks/CoreTelephony.framework; sourceTree = SDKROOT; };
		1B7D73981CFD37AF005856A4 /* CoreMotion.framework */ = {isa = PBXFileReference; lastKnownFileType = wrapper.framework; name = CoreMotion.framework; path = System/Library/Frameworks/CoreMotion.framework; sourceTree = SDKROOT; };
		1B7D739A1CFD37B8005856A4 /* SystemConfiguration.framework */ = {isa = PBXFileReference; lastKnownFileType = wrapper.framework; name = SystemConfiguration.framework; path = System/Library/Frameworks/SystemConfiguration.framework; sourceTree = SDKROOT; };
		1B7D739C1CFD37CD005856A4 /* libc++.tbd */ = {isa = PBXFileReference; lastKnownFileType = "sourcecode.text-based-dylib-definition"; name = "libc++.tbd"; path = "usr/lib/libc++.tbd"; sourceTree = SDKROOT; };
		1B8A93C01D129E5300084C1E /* SSKeychain.h */ = {isa = PBXFileReference; fileEncoding = 4; lastKnownFileType = sourcecode.c.h; path = SSKeychain.h; sourceTree = "<group>"; };
		1B8A93C11D129E5300084C1E /* SSKeychain.m */ = {isa = PBXFileReference; fileEncoding = 4; lastKnownFileType = sourcecode.c.objc; path = SSKeychain.m; sourceTree = "<group>"; };
		1B8A93C21D129E5300084C1E /* SSKeychainQuery.h */ = {isa = PBXFileReference; fileEncoding = 4; lastKnownFileType = sourcecode.c.h; path = SSKeychainQuery.h; sourceTree = "<group>"; };
		1B8A93C31D129E5300084C1E /* SSKeychainQuery.m */ = {isa = PBXFileReference; fileEncoding = 4; lastKnownFileType = sourcecode.c.objc; path = SSKeychainQuery.m; sourceTree = "<group>"; };
		1B8A93C61D12AE3600084C1E /* ResetPWViewController.h */ = {isa = PBXFileReference; fileEncoding = 4; lastKnownFileType = sourcecode.c.h; path = ResetPWViewController.h; sourceTree = "<group>"; };
		1B8A93C71D12AE3600084C1E /* ResetPWViewController.m */ = {isa = PBXFileReference; fileEncoding = 4; lastKnownFileType = sourcecode.c.objc; path = ResetPWViewController.m; sourceTree = "<group>"; };
		1BA516FC1D100AEC0002EABA /* RecentCallViewController.h */ = {isa = PBXFileReference; fileEncoding = 4; lastKnownFileType = sourcecode.c.h; path = RecentCallViewController.h; sourceTree = "<group>"; };
		1BA516FD1D100AEC0002EABA /* RecentCallViewController.m */ = {isa = PBXFileReference; fileEncoding = 4; lastKnownFileType = sourcecode.c.objc; path = RecentCallViewController.m; sourceTree = "<group>"; };
		1BA516FF1D100B120002EABA /* SetViewController.h */ = {isa = PBXFileReference; fileEncoding = 4; lastKnownFileType = sourcecode.c.h; path = SetViewController.h; sourceTree = "<group>"; };
		1BA517001D100B120002EABA /* SetViewController.m */ = {isa = PBXFileReference; fileEncoding = 4; lastKnownFileType = sourcecode.c.objc; path = SetViewController.m; sourceTree = "<group>"; };
		1BAF3A141CFBE6AE00ACE490 /* RobotOnLineViewController.h */ = {isa = PBXFileReference; fileEncoding = 4; lastKnownFileType = sourcecode.c.h; path = RobotOnLineViewController.h; sourceTree = "<group>"; };
		1BAF3A151CFBE6AE00ACE490 /* RobotOnLineViewController.m */ = {isa = PBXFileReference; fileEncoding = 4; lastKnownFileType = sourcecode.c.objc; path = RobotOnLineViewController.m; sourceTree = "<group>"; };
		1BAFEF681D04871400C48753 /* ScanViewController.h */ = {isa = PBXFileReference; fileEncoding = 4; lastKnownFileType = sourcecode.c.h; path = ScanViewController.h; sourceTree = "<group>"; };
		1BAFEF691D04871400C48753 /* ScanViewController.m */ = {isa = PBXFileReference; fileEncoding = 4; lastKnownFileType = sourcecode.c.objc; path = ScanViewController.m; sourceTree = "<group>"; };
		1BD28DCF1D178CBB009B65B8 /* SingleTon.h */ = {isa = PBXFileReference; fileEncoding = 4; lastKnownFileType = sourcecode.c.h; path = SingleTon.h; sourceTree = "<group>"; };
		1BD28DD01D178CBB009B65B8 /* SingleTon.m */ = {isa = PBXFileReference; fileEncoding = 4; lastKnownFileType = sourcecode.c.objc; path = SingleTon.m; sourceTree = "<group>"; };
		54917B8BC958C190AF945225 /* Pods-MePlusiPhone.release.xcconfig */ = {isa = PBXFileReference; includeInIndex = 1; lastKnownFileType = text.xcconfig; name = "Pods-MePlusiPhone.release.xcconfig"; path = "Pods/Target Support Files/Pods-MePlusiPhone/Pods-MePlusiPhone.release.xcconfig"; sourceTree = "<group>"; };
		8A4C720AD6BC3CA047400848 /* Pods-MePlusiPhone.debug.xcconfig */ = {isa = PBXFileReference; includeInIndex = 1; lastKnownFileType = text.xcconfig; name = "Pods-MePlusiPhone.debug.xcconfig"; path = "Pods/Target Support Files/Pods-MePlusiPhone/Pods-MePlusiPhone.debug.xcconfig"; sourceTree = "<group>"; };
		EA600BD6338EF61340D18CB4 /* Pods_MePlusiPhone.framework */ = {isa = PBXFileReference; explicitFileType = wrapper.framework; includeInIndex = 0; path = Pods_MePlusiPhone.framework; sourceTree = BUILT_PRODUCTS_DIR; };
/* End PBXFileReference section */

/* Begin PBXFrameworksBuildPhase section */
		18F216801CF5999E00B66709 /* Frameworks */ = {
			isa = PBXFrameworksBuildPhase;
			buildActionMask = 2147483647;
			files = (
				1B0801F61D0E94E500BC0773 /* AVOSCloudCrashReporting.framework in Frameworks */,
				1B0801F41D0E94D900BC0773 /* AVOSCloud.framework in Frameworks */,
				1B7D739D1CFD37CD005856A4 /* libc++.tbd in Frameworks */,
				1B0801F21D0E935500BC0773 /* libicucore.tbd in Frameworks */,
				1B0801F01D0E934100BC0773 /* CoreLocation.framework in Frameworks */,
				1B7D73971CFD37A2005856A4 /* CoreTelephony.framework in Frameworks */,
				1B0801EE1D0E932C00BC0773 /* MobileCoreServices.framework in Frameworks */,
				1B7D739B1CFD37B8005856A4 /* SystemConfiguration.framework in Frameworks */,
				1B18E8AE1D0E736300699B28 /* PubNub.framework in Frameworks */,
				1BF384EB1CFE78AF000F2179 /* libCrasheye.a in Frameworks */,
				1BF384EA1CFE7894000F2179 /* AgoraRtcEngineKit.framework in Frameworks */,
				1B7D73991CFD37AF005856A4 /* CoreMotion.framework in Frameworks */,
				1B7D73951CFD3796005856A4 /* CoreMedia.framework in Frameworks */,
				1B7D73931CFD378B005856A4 /* AVFoundation.framework in Frameworks */,
				1B7D73911CFD3782005856A4 /* AudioToolbox.framework in Frameworks */,
				E67ABAA8885DC7E6AF044257 /* Pods_MePlusiPhone.framework in Frameworks */,
			);
			runOnlyForDeploymentPostprocessing = 0;
		};
		18F216991CF5999E00B66709 /* Frameworks */ = {
			isa = PBXFrameworksBuildPhase;
			buildActionMask = 2147483647;
			files = (
			);
			runOnlyForDeploymentPostprocessing = 0;
		};
		18F216A41CF5999E00B66709 /* Frameworks */ = {
			isa = PBXFrameworksBuildPhase;
			buildActionMask = 2147483647;
			files = (
			);
			runOnlyForDeploymentPostprocessing = 0;
		};
/* End PBXFrameworksBuildPhase section */

/* Begin PBXGroup section */
		18F2167A1CF5999E00B66709 = {
			isa = PBXGroup;
			children = (
				18F216851CF5999E00B66709 /* MePlusiPhone */,
				18F2169F1CF5999E00B66709 /* MePlusiPhoneTests */,
				18F216AA1CF5999E00B66709 /* MePlusiPhoneUITests */,
				18F216841CF5999E00B66709 /* Products */,
				D73437DD2E9B62E12F54FAC9 /* Pods */,
				4554C0D6E8FE23300E81C6B8 /* Frameworks */,
			);
			sourceTree = "<group>";
		};
		18F216841CF5999E00B66709 /* Products */ = {
			isa = PBXGroup;
			children = (
				18F216831CF5999E00B66709 /* MePlusiPhone.app */,
				18F2169C1CF5999E00B66709 /* MePlusiPhoneTests.xctest */,
				18F216A71CF5999E00B66709 /* MePlusiPhoneUITests.xctest */,
			);
			name = Products;
			sourceTree = "<group>";
		};
		18F216851CF5999E00B66709 /* MePlusiPhone */ = {
			isa = PBXGroup;
			children = (
				1B8A93BF1D129DDD00084C1E /* Tools */,
				1B4253A41CFD880800610857 /* Agora */,
				18F595781CF690C900055D84 /* Library */,
				18F595761CF690A200055D84 /* Classes */,
				18F216891CF5999E00B66709 /* AppDelegate.h */,
				18F2168A1CF5999E00B66709 /* AppDelegate.m */,
				18F2168C1CF5999E00B66709 /* ViewController.h */,
				18F2168D1CF5999E00B66709 /* ViewController.m */,
				18F2168F1CF5999E00B66709 /* Main.storyboard */,
				18F216921CF5999E00B66709 /* Assets.xcassets */,
				18F216941CF5999E00B66709 /* LaunchScreen.storyboard */,
				18F216971CF5999E00B66709 /* Info.plist */,
				1B7D73A01CFD3A52005856A4 /* Framework */,
				18F216861CF5999E00B66709 /* Supporting Files */,
			);
			path = MePlusiPhone;
			sourceTree = "<group>";
		};
		18F216861CF5999E00B66709 /* Supporting Files */ = {
			isa = PBXGroup;
			children = (
				18F216871CF5999E00B66709 /* main.m */,
			);
			name = "Supporting Files";
			sourceTree = "<group>";
		};
		18F2169F1CF5999E00B66709 /* MePlusiPhoneTests */ = {
			isa = PBXGroup;
			children = (
				18F216A01CF5999E00B66709 /* MePlusiPhoneTests.m */,
				18F216A21CF5999E00B66709 /* Info.plist */,
			);
			path = MePlusiPhoneTests;
			sourceTree = "<group>";
		};
		18F216AA1CF5999E00B66709 /* MePlusiPhoneUITests */ = {
			isa = PBXGroup;
			children = (
				18F216AB1CF5999E00B66709 /* MePlusiPhoneUITests.m */,
				18F216AD1CF5999E00B66709 /* Info.plist */,
			);
			path = MePlusiPhoneUITests;
			sourceTree = "<group>";
		};
		18F595761CF690A200055D84 /* Classes */ = {
			isa = PBXGroup;
			children = (
				18F5957B1CF6914500055D84 /* Controller */,
				18F5957A1CF6913A00055D84 /* View */,
				18F595791CF6912400055D84 /* Model */,
			);
			name = Classes;
			sourceTree = "<group>";
		};
		18F595781CF690C900055D84 /* Library */ = {
			isa = PBXGroup;
			children = (
				18F5957C1CF691B300055D84 /* UIViewController+Common.h */,
				18F5957D1CF691B300055D84 /* UIViewController+Common.m */,
				18F5957F1CF691F400055D84 /* MePlusTools.h */,
				18F595801CF6921200055D84 /* MePlus.pch */,
			);
			name = Library;
			sourceTree = "<group>";
		};
		18F595791CF6912400055D84 /* Model */ = {
			isa = PBXGroup;
			children = (
			);
			name = Model;
			sourceTree = "<group>";
		};
		18F5957A1CF6913A00055D84 /* View */ = {
			isa = PBXGroup;
			children = (
				1B4253D31CFD907B00610857 /* Chat.storyboard */,
				18617C401CF6B3C900822F19 /* LeftView.h */,
				18617C411CF6B3C900822F19 /* LeftView.m */,
			);
			name = View;
			sourceTree = "<group>";
		};
		18F5957B1CF6914500055D84 /* Controller */ = {
			isa = PBXGroup;
			children = (
				1B0E37771D1A30DC00A4481B /* GuideViewController.h */,
				1B0E37781D1A30DC00A4481B /* GuideViewController.m */,
				1BAF3A141CFBE6AE00ACE490 /* RobotOnLineViewController.h */,
				1BAF3A151CFBE6AE00ACE490 /* RobotOnLineViewController.m */,
				1BD28DCF1D178CBB009B65B8 /* SingleTon.h */,
				1BD28DD01D178CBB009B65B8 /* SingleTon.m */,
				1BAFEF681D04871400C48753 /* ScanViewController.h */,
				1BAFEF691D04871400C48753 /* ScanViewController.m */,
				1B18E8A71D0E691900699B28 /* LoginViewController.h */,
				1B18E8A81D0E691900699B28 /* LoginViewController.m */,
				1B18E8AA1D0E696100699B28 /* RegisterViewController.h */,
				1B18E8AB1D0E696100699B28 /* RegisterViewController.m */,
				1B8A93C61D12AE3600084C1E /* ResetPWViewController.h */,
				1B8A93C71D12AE3600084C1E /* ResetPWViewController.m */,
				1BA516FC1D100AEC0002EABA /* RecentCallViewController.h */,
				1BA516FD1D100AEC0002EABA /* RecentCallViewController.m */,
				1BA516FF1D100B120002EABA /* SetViewController.h */,
				1BA517001D100B120002EABA /* SetViewController.m */,
			);
			name = Controller;
			sourceTree = "<group>";
		};
		1B4253A41CFD880800610857 /* Agora */ = {
			isa = PBXGroup;
			children = (
				1B4253A71CFD880800610857 /* Chat */,
				1B4253AC1CFD880800610857 /* Localizable.strings */,
				1B4253AE1CFD880800610857 /* Main.strings */,
				1B4253B01CFD880800610857 /* Images.xcassets */,
				1B4253B21CFD880800610857 /* Launch.xib */,
				1B4253B31CFD880800610857 /* Login */,
				1B4253B71CFD880800610857 /* Splash */,
			);
			name = Agora;
			path = AgoraDemo;
			sourceTree = "<group>";
		};
		1B4253A71CFD880800610857 /* Chat */ = {
			isa = PBXGroup;
			children = (
				1B4253A81CFD880800610857 /* AGDChatCell.h */,
				1B4253A91CFD880800610857 /* AGDChatCell.m */,
				1B4253AA1CFD880800610857 /* AGDChatViewController.h */,
				1B4253AB1CFD880800610857 /* AGDChatViewController.m */,
			);
			path = Chat;
			sourceTree = "<group>";
		};
		1B4253B31CFD880800610857 /* Login */ = {
			isa = PBXGroup;
			children = (
				1B4253B41CFD880800610857 /* AGDLoginViewController.h */,
				1B4253B51CFD880800610857 /* AGDLoginViewController.m */,
			);
			path = Login;
			sourceTree = "<group>";
		};
		1B4253B71CFD880800610857 /* Splash */ = {
			isa = PBXGroup;
			children = (
				1B4253B81CFD880800610857 /* AGDSplashViewController.h */,
				1B4253B91CFD880800610857 /* AGDSplashViewController.m */,
			);
			path = Splash;
			sourceTree = "<group>";
		};
		1B7D73A01CFD3A52005856A4 /* Framework */ = {
			isa = PBXGroup;
			children = (
				1B4253E91CFDA54900610857 /* libCrasheye.a */,
				1B4253E71CFDA53C00610857 /* AgoraRtcEngineKit.framework */,
				1B7D739C1CFD37CD005856A4 /* libc++.tbd */,
				1B7D73961CFD37A2005856A4 /* CoreTelephony.framework */,
				1B7D73941CFD3796005856A4 /* CoreMedia.framework */,
				1B7D73921CFD378B005856A4 /* AVFoundation.framework */,
				1B7D73901CFD3782005856A4 /* AudioToolbox.framework */,
				1B7D73981CFD37AF005856A4 /* CoreMotion.framework */,
				1B7D739A1CFD37B8005856A4 /* SystemConfiguration.framework */,
			);
			name = Framework;
			path = ..;
			sourceTree = "<group>";
		};
		1B8A93BF1D129DDD00084C1E /* Tools */ = {
			isa = PBXGroup;
			children = (
				1B8A93C01D129E5300084C1E /* SSKeychain.h */,
				1B8A93C11D129E5300084C1E /* SSKeychain.m */,
				1B8A93C21D129E5300084C1E /* SSKeychainQuery.h */,
				1B8A93C31D129E5300084C1E /* SSKeychainQuery.m */,
			);
			name = Tools;
			sourceTree = "<group>";
		};
		4554C0D6E8FE23300E81C6B8 /* Frameworks */ = {
			isa = PBXGroup;
			children = (
				1B0801F51D0E94E500BC0773 /* AVOSCloudCrashReporting.framework */,
				1B0801F31D0E94D900BC0773 /* AVOSCloud.framework */,
				1B0801F11D0E935500BC0773 /* libicucore.tbd */,
				1B0801EF1D0E934100BC0773 /* CoreLocation.framework */,
				1B0801ED1D0E932C00BC0773 /* MobileCoreServices.framework */,
				1B18E8AD1D0E736300699B28 /* PubNub.framework */,
				EA600BD6338EF61340D18CB4 /* Pods_MePlusiPhone.framework */,
			);
			name = Frameworks;
			sourceTree = "<group>";
		};
		D73437DD2E9B62E12F54FAC9 /* Pods */ = {
			isa = PBXGroup;
			children = (
				8A4C720AD6BC3CA047400848 /* Pods-MePlusiPhone.debug.xcconfig */,
				54917B8BC958C190AF945225 /* Pods-MePlusiPhone.release.xcconfig */,
			);
			name = Pods;
			sourceTree = "<group>";
		};
/* End PBXGroup section */

/* Begin PBXNativeTarget section */
		18F216821CF5999E00B66709 /* MePlusiPhone */ = {
			isa = PBXNativeTarget;
			buildConfigurationList = 18F216B01CF5999E00B66709 /* Build configuration list for PBXNativeTarget "MePlusiPhone" */;
			buildPhases = (
				7006804A8DE5B88B09CD9BE1 /* [CP] Check Pods Manifest.lock */,
				18F2167F1CF5999E00B66709 /* Sources */,
				18F216801CF5999E00B66709 /* Frameworks */,
				18F216811CF5999E00B66709 /* Resources */,
				5DEF33896F4CB7F7C0FB4B73 /* [CP] Embed Pods Frameworks */,
				B04EAFF0577689BFBBF9B814 /* [CP] Copy Pods Resources */,
			);
			buildRules = (
			);
			dependencies = (
			);
			name = MePlusiPhone;
			productName = MePlusiPhone;
			productReference = 18F216831CF5999E00B66709 /* MePlusiPhone.app */;
			productType = "com.apple.product-type.application";
		};
		18F2169B1CF5999E00B66709 /* MePlusiPhoneTests */ = {
			isa = PBXNativeTarget;
			buildConfigurationList = 18F216B31CF5999E00B66709 /* Build configuration list for PBXNativeTarget "MePlusiPhoneTests" */;
			buildPhases = (
				18F216981CF5999E00B66709 /* Sources */,
				18F216991CF5999E00B66709 /* Frameworks */,
				18F2169A1CF5999E00B66709 /* Resources */,
			);
			buildRules = (
			);
			dependencies = (
				18F2169E1CF5999E00B66709 /* PBXTargetDependency */,
			);
			name = MePlusiPhoneTests;
			productName = MePlusiPhoneTests;
			productReference = 18F2169C1CF5999E00B66709 /* MePlusiPhoneTests.xctest */;
			productType = "com.apple.product-type.bundle.unit-test";
		};
		18F216A61CF5999E00B66709 /* MePlusiPhoneUITests */ = {
			isa = PBXNativeTarget;
			buildConfigurationList = 18F216B61CF5999E00B66709 /* Build configuration list for PBXNativeTarget "MePlusiPhoneUITests" */;
			buildPhases = (
				18F216A31CF5999E00B66709 /* Sources */,
				18F216A41CF5999E00B66709 /* Frameworks */,
				18F216A51CF5999E00B66709 /* Resources */,
			);
			buildRules = (
			);
			dependencies = (
				18F216A91CF5999E00B66709 /* PBXTargetDependency */,
			);
			name = MePlusiPhoneUITests;
			productName = MePlusiPhoneUITests;
			productReference = 18F216A71CF5999E00B66709 /* MePlusiPhoneUITests.xctest */;
			productType = "com.apple.product-type.bundle.ui-testing";
		};
/* End PBXNativeTarget section */

/* Begin PBXProject section */
		18F2167B1CF5999E00B66709 /* Project object */ = {
			isa = PBXProject;
			attributes = {
				LastUpgradeCheck = 0730;
				ORGANIZATIONNAME = MePlus;
				TargetAttributes = {
					18F216821CF5999E00B66709 = {
						CreatedOnToolsVersion = 7.3.1;
						DevelopmentTeam = 6K2QGZ2A9Y;
					};
					18F2169B1CF5999E00B66709 = {
						CreatedOnToolsVersion = 7.3.1;
						TestTargetID = 18F216821CF5999E00B66709;
					};
					18F216A61CF5999E00B66709 = {
						CreatedOnToolsVersion = 7.3.1;
						TestTargetID = 18F216821CF5999E00B66709;
					};
				};
			};
			buildConfigurationList = 18F2167E1CF5999E00B66709 /* Build configuration list for PBXProject "MePlusiPhone" */;
			compatibilityVersion = "Xcode 3.2";
			developmentRegion = English;
			hasScannedForEncodings = 0;
			knownRegions = (
				en,
				Base,
				"zh-Hans",
			);
			mainGroup = 18F2167A1CF5999E00B66709;
			productRefGroup = 18F216841CF5999E00B66709 /* Products */;
			projectDirPath = "";
			projectRoot = "";
			targets = (
				18F216821CF5999E00B66709 /* MePlusiPhone */,
				18F2169B1CF5999E00B66709 /* MePlusiPhoneTests */,
				18F216A61CF5999E00B66709 /* MePlusiPhoneUITests */,
			);
		};
/* End PBXProject section */

/* Begin PBXResourcesBuildPhase section */
		18F216811CF5999E00B66709 /* Resources */ = {
			isa = PBXResourcesBuildPhase;
			buildActionMask = 2147483647;
			files = (
				1B4253C71CFD880800610857 /* Localizable.strings in Resources */,
				18F216961CF5999E00B66709 /* LaunchScreen.storyboard in Resources */,
				1B4253C91CFD880800610857 /* Images.xcassets in Resources */,
				1B4253CB1CFD880800610857 /* Launch.xib in Resources */,
				18F216931CF5999E00B66709 /* Assets.xcassets in Resources */,
				1B4253C81CFD880800610857 /* Main.strings in Resources */,
				1B4253D41CFD907B00610857 /* Chat.storyboard in Resources */,
				18F216911CF5999E00B66709 /* Main.storyboard in Resources */,
			);
			runOnlyForDeploymentPostprocessing = 0;
		};
		18F2169A1CF5999E00B66709 /* Resources */ = {
			isa = PBXResourcesBuildPhase;
			buildActionMask = 2147483647;
			files = (
			);
			runOnlyForDeploymentPostprocessing = 0;
		};
		18F216A51CF5999E00B66709 /* Resources */ = {
			isa = PBXResourcesBuildPhase;
			buildActionMask = 2147483647;
			files = (
			);
			runOnlyForDeploymentPostprocessing = 0;
		};
/* End PBXResourcesBuildPhase section */

/* Begin PBXShellScriptBuildPhase section */
		5DEF33896F4CB7F7C0FB4B73 /* [CP] Embed Pods Frameworks */ = {
			isa = PBXShellScriptBuildPhase;
			buildActionMask = 2147483647;
			files = (
			);
			inputPaths = (
			);
			name = "[CP] Embed Pods Frameworks";
			outputPaths = (
			);
			runOnlyForDeploymentPostprocessing = 0;
			shellPath = /bin/sh;
			shellScript = "\"${SRCROOT}/Pods/Target Support Files/Pods-MePlusiPhone/Pods-MePlusiPhone-frameworks.sh\"\n";
			showEnvVarsInLog = 0;
		};
		7006804A8DE5B88B09CD9BE1 /* [CP] Check Pods Manifest.lock */ = {
			isa = PBXShellScriptBuildPhase;
			buildActionMask = 2147483647;
			files = (
			);
			inputPaths = (
			);
			name = "[CP] Check Pods Manifest.lock";
			outputPaths = (
			);
			runOnlyForDeploymentPostprocessing = 0;
			shellPath = /bin/sh;
			shellScript = "diff \"${PODS_ROOT}/../Podfile.lock\" \"${PODS_ROOT}/Manifest.lock\" > /dev/null\nif [[ $? != 0 ]] ; then\n    cat << EOM\nerror: The sandbox is not in sync with the Podfile.lock. Run 'pod install' or update your CocoaPods installation.\nEOM\n    exit 1\nfi\n";
			showEnvVarsInLog = 0;
		};
		B04EAFF0577689BFBBF9B814 /* [CP] Copy Pods Resources */ = {
			isa = PBXShellScriptBuildPhase;
			buildActionMask = 2147483647;
			files = (
			);
			inputPaths = (
			);
			name = "[CP] Copy Pods Resources";
			outputPaths = (
			);
			runOnlyForDeploymentPostprocessing = 0;
			shellPath = /bin/sh;
			shellScript = "\"${SRCROOT}/Pods/Target Support Files/Pods-MePlusiPhone/Pods-MePlusiPhone-resources.sh\"\n";
			showEnvVarsInLog = 0;
		};
/* End PBXShellScriptBuildPhase section */

/* Begin PBXSourcesBuildPhase section */
		18F2167F1CF5999E00B66709 /* Sources */ = {
			isa = PBXSourcesBuildPhase;
			buildActionMask = 2147483647;
			files = (
				18617C421CF6B3C900822F19 /* LeftView.m in Sources */,
				1B8A93C81D12AE3600084C1E /* ResetPWViewController.m in Sources */,
				18F2168E1CF5999E00B66709 /* ViewController.m in Sources */,
				1BAF3A161CFBE6AE00ACE490 /* RobotOnLineViewController.m in Sources */,
				18F5957E1CF691B300055D84 /* UIViewController+Common.m in Sources */,
				1BD28DD11D178CBB009B65B8 /* SingleTon.m in Sources */,
				1B4253C61CFD880800610857 /* AGDChatViewController.m in Sources */,
				1BAFEF6A1D04871400C48753 /* ScanViewController.m in Sources */,
				1B4253CC1CFD880800610857 /* AGDLoginViewController.m in Sources */,
				1B4253C51CFD880800610857 /* AGDChatCell.m in Sources */,
				1BA517011D100B120002EABA /* SetViewController.m in Sources */,
				1B8A93C41D129E5300084C1E /* SSKeychain.m in Sources */,
				1B18E8A91D0E691900699B28 /* LoginViewController.m in Sources */,
				1B8A93C51D129E5300084C1E /* SSKeychainQuery.m in Sources */,
				1B18E8AC1D0E696100699B28 /* RegisterViewController.m in Sources */,
				18F2168B1CF5999E00B66709 /* AppDelegate.m in Sources */,
				1B4253CE1CFD880800610857 /* AGDSplashViewController.m in Sources */,
				1B0E37791D1A30DC00A4481B /* GuideViewController.m in Sources */,
				18F216881CF5999E00B66709 /* main.m in Sources */,
				1BA516FE1D100AEC0002EABA /* RecentCallViewController.m in Sources */,
			);
			runOnlyForDeploymentPostprocessing = 0;
		};
		18F216981CF5999E00B66709 /* Sources */ = {
			isa = PBXSourcesBuildPhase;
			buildActionMask = 2147483647;
			files = (
				18F216A11CF5999E00B66709 /* MePlusiPhoneTests.m in Sources */,
			);
			runOnlyForDeploymentPostprocessing = 0;
		};
		18F216A31CF5999E00B66709 /* Sources */ = {
			isa = PBXSourcesBuildPhase;
			buildActionMask = 2147483647;
			files = (
				18F216AC1CF5999E00B66709 /* MePlusiPhoneUITests.m in Sources */,
			);
			runOnlyForDeploymentPostprocessing = 0;
		};
/* End PBXSourcesBuildPhase section */

/* Begin PBXTargetDependency section */
		18F2169E1CF5999E00B66709 /* PBXTargetDependency */ = {
			isa = PBXTargetDependency;
			target = 18F216821CF5999E00B66709 /* MePlusiPhone */;
			targetProxy = 18F2169D1CF5999E00B66709 /* PBXContainerItemProxy */;
		};
		18F216A91CF5999E00B66709 /* PBXTargetDependency */ = {
			isa = PBXTargetDependency;
			target = 18F216821CF5999E00B66709 /* MePlusiPhone */;
			targetProxy = 18F216A81CF5999E00B66709 /* PBXContainerItemProxy */;
		};
/* End PBXTargetDependency section */

/* Begin PBXVariantGroup section */
		18F2168F1CF5999E00B66709 /* Main.storyboard */ = {
			isa = PBXVariantGroup;
			children = (
				18F216901CF5999E00B66709 /* Base */,
			);
			name = Main.storyboard;
			sourceTree = "<group>";
		};
		18F216941CF5999E00B66709 /* LaunchScreen.storyboard */ = {
			isa = PBXVariantGroup;
			children = (
				18F216951CF5999E00B66709 /* Base */,
			);
			name = LaunchScreen.storyboard;
			sourceTree = "<group>";
		};
		1B4253AC1CFD880800610857 /* Localizable.strings */ = {
			isa = PBXVariantGroup;
			children = (
				1B4253AD1CFD880800610857 /* en */,
				1B4253BF1CFD880800610857 /* zh-Hans */,
			);
			name = Localizable.strings;
			sourceTree = "<group>";
		};
		1B4253AE1CFD880800610857 /* Main.strings */ = {
			isa = PBXVariantGroup;
			children = (
				1B4253AF1CFD880800610857 /* en */,
				1B4253C01CFD880800610857 /* zh-Hans */,
			);
			name = Main.strings;
			sourceTree = "<group>";
		};
/* End PBXVariantGroup section */

/* Begin XCBuildConfiguration section */
		18F216AE1CF5999E00B66709 /* Debug */ = {
			isa = XCBuildConfiguration;
			buildSettings = {
				ALWAYS_SEARCH_USER_PATHS = NO;
				CLANG_ANALYZER_NONNULL = YES;
				CLANG_CXX_LANGUAGE_STANDARD = "gnu++0x";
				CLANG_CXX_LIBRARY = "libc++";
				CLANG_ENABLE_MODULES = YES;
				CLANG_ENABLE_OBJC_ARC = YES;
				CLANG_WARN_BOOL_CONVERSION = YES;
				CLANG_WARN_CONSTANT_CONVERSION = YES;
				CLANG_WARN_DIRECT_OBJC_ISA_USAGE = YES_ERROR;
				CLANG_WARN_EMPTY_BODY = YES;
				CLANG_WARN_ENUM_CONVERSION = YES;
				CLANG_WARN_INT_CONVERSION = YES;
				CLANG_WARN_OBJC_ROOT_CLASS = YES_ERROR;
				CLANG_WARN_UNREACHABLE_CODE = YES;
				CLANG_WARN__DUPLICATE_METHOD_MATCH = YES;
				"CODE_SIGN_IDENTITY[sdk=iphoneos*]" = "iPhone Developer";
				COPY_PHASE_STRIP = NO;
				DEBUG_INFORMATION_FORMAT = dwarf;
				ENABLE_STRICT_OBJC_MSGSEND = YES;
				ENABLE_TESTABILITY = YES;
				GCC_C_LANGUAGE_STANDARD = gnu99;
				GCC_DYNAMIC_NO_PIC = NO;
				GCC_NO_COMMON_BLOCKS = YES;
				GCC_OPTIMIZATION_LEVEL = 0;
				GCC_PREPROCESSOR_DEFINITIONS = (
					"DEBUG=1",
					"$(inherited)",
				);
				GCC_WARN_64_TO_32_BIT_CONVERSION = YES;
				GCC_WARN_ABOUT_RETURN_TYPE = YES_ERROR;
				GCC_WARN_UNDECLARED_SELECTOR = YES;
				GCC_WARN_UNINITIALIZED_AUTOS = YES_AGGRESSIVE;
				GCC_WARN_UNUSED_FUNCTION = YES;
				GCC_WARN_UNUSED_VARIABLE = YES;
				IPHONEOS_DEPLOYMENT_TARGET = 9.3;
				MTL_ENABLE_DEBUG_INFO = YES;
				ONLY_ACTIVE_ARCH = YES;
				SDKROOT = iphoneos;
			};
			name = Debug;
		};
		18F216AF1CF5999E00B66709 /* Release */ = {
			isa = XCBuildConfiguration;
			buildSettings = {
				ALWAYS_SEARCH_USER_PATHS = NO;
				CLANG_ANALYZER_NONNULL = YES;
				CLANG_CXX_LANGUAGE_STANDARD = "gnu++0x";
				CLANG_CXX_LIBRARY = "libc++";
				CLANG_ENABLE_MODULES = YES;
				CLANG_ENABLE_OBJC_ARC = YES;
				CLANG_WARN_BOOL_CONVERSION = YES;
				CLANG_WARN_CONSTANT_CONVERSION = YES;
				CLANG_WARN_DIRECT_OBJC_ISA_USAGE = YES_ERROR;
				CLANG_WARN_EMPTY_BODY = YES;
				CLANG_WARN_ENUM_CONVERSION = YES;
				CLANG_WARN_INT_CONVERSION = YES;
				CLANG_WARN_OBJC_ROOT_CLASS = YES_ERROR;
				CLANG_WARN_UNREACHABLE_CODE = YES;
				CLANG_WARN__DUPLICATE_METHOD_MATCH = YES;
				"CODE_SIGN_IDENTITY[sdk=iphoneos*]" = "iPhone Developer";
				COPY_PHASE_STRIP = NO;
				DEBUG_INFORMATION_FORMAT = "dwarf-with-dsym";
				ENABLE_NS_ASSERTIONS = NO;
				ENABLE_STRICT_OBJC_MSGSEND = YES;
				GCC_C_LANGUAGE_STANDARD = gnu99;
				GCC_NO_COMMON_BLOCKS = YES;
				GCC_WARN_64_TO_32_BIT_CONVERSION = YES;
				GCC_WARN_ABOUT_RETURN_TYPE = YES_ERROR;
				GCC_WARN_UNDECLARED_SELECTOR = YES;
				GCC_WARN_UNINITIALIZED_AUTOS = YES_AGGRESSIVE;
				GCC_WARN_UNUSED_FUNCTION = YES;
				GCC_WARN_UNUSED_VARIABLE = YES;
				IPHONEOS_DEPLOYMENT_TARGET = 9.3;
				MTL_ENABLE_DEBUG_INFO = NO;
				SDKROOT = iphoneos;
				VALIDATE_PRODUCT = YES;
			};
			name = Release;
		};
		18F216B11CF5999E00B66709 /* Debug */ = {
			isa = XCBuildConfiguration;
			baseConfigurationReference = 8A4C720AD6BC3CA047400848 /* Pods-MePlusiPhone.debug.xcconfig */;
			buildSettings = {
				ARCHS = "$(ARCHS_STANDARD)";
				ASSETCATALOG_COMPILER_APPICON_NAME = AppIcon;
				ASSETCATALOG_COMPILER_LAUNCHIMAGE_NAME = LaunchImage;
				CODE_SIGN_IDENTITY = "iPhone Developer";
				"CODE_SIGN_IDENTITY[sdk=iphoneos*]" = "iPhone Developer";
				ENABLE_BITCODE = NO;
				FRAMEWORK_SEARCH_PATHS = (
					"$(inherited)",
					"$(PROJECT_DIR)/../libs/",
					"$(PROJECT_DIR)/libs",
					"$(PROJECT_DIR)/MePlusiPhone",
				);
				GCC_INCREASE_PRECOMPILED_HEADER_SHARING = NO;
				GCC_PRECOMPILE_PREFIX_HEADER = YES;
				GCC_PREFIX_HEADER = "$(SRCROOT)/MePlusiPhone/MePlus.pch";
				HEADER_SEARCH_PATHS = "$(PROJECT_DIR)/../libs/Crasheye/";
				INFOPLIST_FILE = MePlusiPhone/Info.plist;
				IPHONEOS_DEPLOYMENT_TARGET = 9.3;
				LD_RUNPATH_SEARCH_PATHS = "$(inherited) @executable_path/Frameworks";
				LIBRARY_SEARCH_PATHS = (
					"$(PROJECT_DIR)/../libs/Crasheye/",
					"$(PROJECT_DIR)/libs/Crasheye",
				);
				ONLY_ACTIVE_ARCH = YES;
				OTHER_LDFLAGS = (
					"-lz",
					"-licucore\n-licucore\n-licucore",
					"-lsqlite3",
					"-lc++",
					"-ObjC",
				);
				PRODUCT_BUNDLE_IDENTIFIER = MJJ.MePlusiPhone;
				PRODUCT_NAME = "$(TARGET_NAME)";
				PROVISIONING_PROFILE = "";
				VALID_ARCHS = "armv7 armv7s arm64";
			};
			name = Debug;
		};
		18F216B21CF5999E00B66709 /* Release */ = {
			isa = XCBuildConfiguration;
			baseConfigurationReference = 54917B8BC958C190AF945225 /* Pods-MePlusiPhone.release.xcconfig */;
			buildSettings = {
				ARCHS = "$(ARCHS_STANDARD)";
				ASSETCATALOG_COMPILER_APPICON_NAME = AppIcon;
				ASSETCATALOG_COMPILER_LAUNCHIMAGE_NAME = LaunchImage;
				CODE_SIGN_IDENTITY = "iPhone Developer";
				"CODE_SIGN_IDENTITY[sdk=iphoneos*]" = "iPhone Developer";
				ENABLE_BITCODE = NO;
				FRAMEWORK_SEARCH_PATHS = (
					"$(inherited)",
					"$(PROJECT_DIR)/../libs/",
					"$(PROJECT_DIR)/libs",
					"$(PROJECT_DIR)/MePlusiPhone",
				);
				GCC_INCREASE_PRECOMPILED_HEADER_SHARING = NO;
				GCC_PRECOMPILE_PREFIX_HEADER = YES;
				GCC_PREFIX_HEADER = "$(SRCROOT)/MePlusiPhone/MePlus.pch";
				HEADER_SEARCH_PATHS = "$(PROJECT_DIR)/../libs/Crasheye/";
				INFOPLIST_FILE = MePlusiPhone/Info.plist;
				IPHONEOS_DEPLOYMENT_TARGET = 9.3;
				LD_RUNPATH_SEARCH_PATHS = "$(inherited) @executable_path/Frameworks";
				LIBRARY_SEARCH_PATHS = (
					"$(PROJECT_DIR)/../libs/Crasheye/",
					"$(PROJECT_DIR)/libs/Crasheye",
				);
				OTHER_LDFLAGS = (
					"-lz",
					"-licucore\n-licucore\n-licucore",
					"-lsqlite3",
					"-lc++",
					"-ObjC",
				);
				PRODUCT_BUNDLE_IDENTIFIER = MJJ.MePlusiPhone;
				PRODUCT_NAME = "$(TARGET_NAME)";
				PROVISIONING_PROFILE = "";
				VALID_ARCHS = "armv7 armv7s arm64";
			};
			name = Release;
		};
		18F216B41CF5999E00B66709 /* Debug */ = {
			isa = XCBuildConfiguration;
			buildSettings = {
				BUNDLE_LOADER = "$(TEST_HOST)";
				INFOPLIST_FILE = MePlusiPhoneTests/Info.plist;
				LD_RUNPATH_SEARCH_PATHS = "$(inherited) @executable_path/Frameworks @loader_path/Frameworks";
				PRODUCT_BUNDLE_IDENTIFIER = MJJ.MePlusiPhoneTests;
				PRODUCT_NAME = "$(TARGET_NAME)";
				TEST_HOST = "$(BUILT_PRODUCTS_DIR)/MePlusiPhone.app/MePlusiPhone";
			};
			name = Debug;
		};
		18F216B51CF5999E00B66709 /* Release */ = {
			isa = XCBuildConfiguration;
			buildSettings = {
				BUNDLE_LOADER = "$(TEST_HOST)";
				INFOPLIST_FILE = MePlusiPhoneTests/Info.plist;
				LD_RUNPATH_SEARCH_PATHS = "$(inherited) @executable_path/Frameworks @loader_path/Frameworks";
				PRODUCT_BUNDLE_IDENTIFIER = MJJ.MePlusiPhoneTests;
				PRODUCT_NAME = "$(TARGET_NAME)";
				TEST_HOST = "$(BUILT_PRODUCTS_DIR)/MePlusiPhone.app/MePlusiPhone";
			};
			name = Release;
		};
		18F216B71CF5999E00B66709 /* Debug */ = {
			isa = XCBuildConfiguration;
			buildSettings = {
				INFOPLIST_FILE = MePlusiPhoneUITests/Info.plist;
				LD_RUNPATH_SEARCH_PATHS = "$(inherited) @executable_path/Frameworks @loader_path/Frameworks";
				PRODUCT_BUNDLE_IDENTIFIER = MJJ.MePlusiPhoneUITests;
				PRODUCT_NAME = "$(TARGET_NAME)";
				TEST_TARGET_NAME = MePlusiPhone;
			};
			name = Debug;
		};
		18F216B81CF5999E00B66709 /* Release */ = {
			isa = XCBuildConfiguration;
			buildSettings = {
				INFOPLIST_FILE = MePlusiPhoneUITests/Info.plist;
				LD_RUNPATH_SEARCH_PATHS = "$(inherited) @executable_path/Frameworks @loader_path/Frameworks";
				PRODUCT_BUNDLE_IDENTIFIER = MJJ.MePlusiPhoneUITests;
				PRODUCT_NAME = "$(TARGET_NAME)";
				TEST_TARGET_NAME = MePlusiPhone;
			};
			name = Release;
		};
/* End XCBuildConfiguration section */

/* Begin XCConfigurationList section */
		18F2167E1CF5999E00B66709 /* Build configuration list for PBXProject "MePlusiPhone" */ = {
			isa = XCConfigurationList;
			buildConfigurations = (
				18F216AE1CF5999E00B66709 /* Debug */,
				18F216AF1CF5999E00B66709 /* Release */,
			);
			defaultConfigurationIsVisible = 0;
			defaultConfigurationName = Release;
		};
		18F216B01CF5999E00B66709 /* Build configuration list for PBXNativeTarget "MePlusiPhone" */ = {
			isa = XCConfigurationList;
			buildConfigurations = (
				18F216B11CF5999E00B66709 /* Debug */,
				18F216B21CF5999E00B66709 /* Release */,
			);
			defaultConfigurationIsVisible = 0;
			defaultConfigurationName = Release;
		};
		18F216B31CF5999E00B66709 /* Build configuration list for PBXNativeTarget "MePlusiPhoneTests" */ = {
			isa = XCConfigurationList;
			buildConfigurations = (
				18F216B41CF5999E00B66709 /* Debug */,
				18F216B51CF5999E00B66709 /* Release */,
			);
			defaultConfigurationIsVisible = 0;
			defaultConfigurationName = Release;
		};
		18F216B61CF5999E00B66709 /* Build configuration list for PBXNativeTarget "MePlusiPhoneUITests" */ = {
			isa = XCConfigurationList;
			buildConfigurations = (
				18F216B71CF5999E00B66709 /* Debug */,
				18F216B81CF5999E00B66709 /* Release */,
			);
			defaultConfigurationIsVisible = 0;
			defaultConfigurationName = Release;
		};
/* End XCConfigurationList section */
	};
	rootObject = 18F2167B1CF5999E00B66709 /* Project object */;
}
